
Microsoft Visual Studio Solution File, Format Version 12.00
# Visual Studio Version 17
VisualStudioVersion = 17.1.32407.343
MinimumVisualStudioVersion = 10.0.40219.1
Project("{9A19103F-16F7-4668-BE54-9A1E7A4F7556}") = "AManeira", "AManeira\AManeira.csproj", "{47683BFF-157D-4296-8BE2-5A5ED62BE2FF}"
EndProject
Project("{2150E333-8FDC-42A3-9474-1A3956D46DE8}") = "Solution Items", "Solution Items", "{25A24AD5-2753-45ED-92F2-F22B7662B9B4}"
	ProjectSection(SolutionItems) = preProject
		.editorconfig = .editorconfig
	EndProjectSection
EndProject
Global
	GlobalSection(SolutionConfigurationPlatforms) = preSolution
		Debug|Any CPU = Debug|Any CPU
		Release|Any CPU = Release|Any CPU
	EndGlobalSection
	GlobalSection(ProjectConfigurationPlatforms) = postSolution
		{47683BFF-157D-4296-8BE2-5A5ED62BE2FF}.Debug|Any CPU.ActiveCfg = Debug|Any CPU
		{47683BFF-157D-4296-8BE2-5A5ED62BE2FF}.Debug|Any CPU.Build.0 = Debug|Any CPU
		{47683BFF-157D-4296-8BE2-5A5ED62BE2FF}.Release|Any CPU.ActiveCfg = Release|Any CPU
		{47683BFF-157D-4296-8BE2-5A5ED62BE2FF}.Release|Any CPU.Build.0 = Release|Any CPU
	EndGlobalSection
	GlobalSection(SolutionProperties) = preSolution
		HideSolutionNode = FALSE
	EndGlobalSection
	GlobalSection(ExtensibilityGlobals) = postSolution
		SolutionGuid = {0AF41A8A-5E30-4FA3-9173-3B943E615DD2}
	EndGlobalSection
EndGlobal
